<?xml version="1.0" encoding="utf-8"?>
<Project ToolsVersion="4.0" xmlns="http://schemas.microsoft.com/developer/msbuild/2003">
  <ItemGroup>
    <Filter Include="Arquivos de Origem">
      <UniqueIdentifier>{4FC737F1-C7A5-4376-A066-2A32D752A2FF}</UniqueIdentifier>
      <Extensions>cpp;c;cc;cxx;c++;cppm;ixx;def;odl;idl;hpj;bat;asm;asmx</Extensions>
    </Filter>
    <Filter Include="Arquivos de Cabeçalho">
      <UniqueIdentifier>{93995380-89BD-4b04-88EB-625FBE52EBFB}</UniqueIdentifier>
      <Extensions>h;hh;hpp;hxx;h++;hm;inl;inc;ipp;xsd</Extensions>
    </Filter>
    <Filter Include="Arquivos de Recurso">
      <UniqueIdentifier>{67DA6AB6-F800-4c08-8B7A-83BB121AAD01}</UniqueIdentifier>
      <Extensions>rc;ico;cur;bmp;dlg;rc2;rct;bin;rgs;gif;jpg;jpeg;jpe;resx;tiff;tif;png;wav;mfcribbon-ms</Extensions>
    </Filter>
    <Filter Include="Arquivos de Recurso\Shaders">
      <UniqueIdentifier>{3f1b59b2-5add-41aa-b04a-764babdd1bc4}</UniqueIdentifier>
    </Filter>
    <Filter Include="Arquivos de Recurso\Assets">
      <UniqueIdentifier>{b9fffe94-9085-4803-b8a9-31812983dc9b}</UniqueIdentifier>
    </Filter>
  </ItemGroup>
  <ItemGroup>
    <ClCompile Include="glad.c">
      <Filter>Arquivos de Origem</Filter>
    </ClCompile>
    <ClCompile Include="Main.cpp">
      <Filter>Arquivos de Origem</Filter>
    </ClCompile>
    <ClCompile Include="stb.cpp">
      <Filter>Arquivos de Origem</Filter>
    </ClCompile>
    <ClCompile Include="Classes\ViewElements\Camera.cpp">
      <Filter>Arquivos de Origem</Filter>
    </ClCompile>
    <ClCompile Include="Classes\glAbstractions\EBO.cpp">
      <Filter>Arquivos de Origem</Filter>
    </ClCompile>
    <ClCompile Include="Classes\glAbstractions\shaderClass.cpp">
      <Filter>Arquivos de Origem</Filter>
    </ClCompile>
    <ClCompile Include="Classes\glAbstractions\Texture.cpp">
      <Filter>Arquivos de Origem</Filter>
    </ClCompile>
    <ClCompile Include="Classes\glAbstractions\VAO.cpp">
      <Filter>Arquivos de Origem</Filter>
    </ClCompile>
    <ClCompile Include="Classes\glAbstractions\VBO.cpp">
      <Filter>Arquivos de Origem</Filter>
    </ClCompile>
    <ClCompile Include="Classes\Objects\Sphere.cpp">
      <Filter>Arquivos de Origem</Filter>
    </ClCompile>
    <ClCompile Include="Classes\Utils\GeneralUtilities.cpp">
      <Filter>Arquivos de Origem</Filter>
    </ClCompile>
    <ClCompile Include="Classes\Objects\Material.cpp">
      <Filter>Arquivos de Origem</Filter>
    </ClCompile>
  </ItemGroup>
  <ItemGroup>
    <ClInclude Include="Transformer.h">
      <Filter>Arquivos de Cabeçalho</Filter>
    </ClInclude>
    <ClInclude Include="Classes\glAbstractions\EBO.h">
      <Filter>Arquivos de Cabeçalho</Filter>
    </ClInclude>
    <ClInclude Include="Classes\glAbstractions\shaderClass.h">
      <Filter>Arquivos de Cabeçalho</Filter>
    </ClInclude>
    <ClInclude Include="Classes\glAbstractions\VAO.h">
      <Filter>Arquivos de Cabeçalho</Filter>
    </ClInclude>
    <ClInclude Include="Classes\glAbstractions\VBO.h">
      <Filter>Arquivos de Cabeçalho</Filter>
    </ClInclude>
    <ClInclude Include="Classes\ViewElements\Camera.h">
      <Filter>Arquivos de Cabeçalho</Filter>
    </ClInclude>
    <ClInclude Include="Classes\Objects\Sphere.h">
      <Filter>Arquivos de Cabeçalho</Filter>
    </ClInclude>
    <ClInclude Include="Classes\Utils\GeneralUtilities.h">
      <Filter>Arquivos de Cabeçalho</Filter>
    </ClInclude>
    <ClInclude Include="Classes\glAbstractions\Texture.h">
      <Filter>Arquivos de Cabeçalho</Filter>
    </ClInclude>
    <ClInclude Include="Classes\Objects\Material.h">
      <Filter>Arquivos de Cabeçalho</Filter>
    </ClInclude>
  </ItemGroup>
  <ItemGroup>
    <Image Include="..\..\..\OneDrive\Imagens\wall.jpg">
      <Filter>Arquivos de Recurso\Assets</Filter>
    </Image>
    <Image Include="awesomeface.png">
      <Filter>Arquivos de Recurso\Assets</Filter>
    </Image>
    <Image Include="Textures\container2.png">
      <Filter>Arquivos de Recurso\Assets</Filter>
    </Image>
    <Image Include="Textures\container2_specular.png">
      <Filter>Arquivos de Recurso\Assets</Filter>
    </Image>
  </ItemGroup>
  <ItemGroup>
    <None Include="Shaderfiles\3d.frag">
      <Filter>Arquivos de Recurso\Shaders</Filter>
    </None>
    <None Include="Shaderfiles\3d.vert">
      <Filter>Arquivos de Recurso\Shaders</Filter>
    </None>
    <None Include="Shaderfiles\AL.frag">
      <Filter>Arquivos de Recurso\Shaders</Filter>
    </None>
    <None Include="Shaderfiles\AL.vert">
      <Filter>Arquivos de Recurso\Shaders</Filter>
    </None>
    <None Include="Shaderfiles\default.frag">
      <Filter>Arquivos de Recurso\Shaders</Filter>
    </None>
    <None Include="Shaderfiles\default.vert">
      <Filter>Arquivos de Recurso\Shaders</Filter>
    </None>
    <None Include="Shaderfiles\green.frag">
      <Filter>Arquivos de Recurso\Shaders</Filter>
    </None>
    <None Include="Shaderfiles\offset.vert">
      <Filter>Arquivos de Recurso\Shaders</Filter>
    </None>
    <None Include="Shaderfiles\pointColoring.frag">
      <Filter>Arquivos de Recurso\Shaders</Filter>
    </None>
    <None Include="Shaderfiles\pointColoring.vert">
      <Filter>Arquivos de Recurso\Shaders</Filter>
    </None>
    <None Include="Shaderfiles\purple.frag">
      <Filter>Arquivos de Recurso\Shaders</Filter>
    </None>
    <None Include="Shaderfiles\teste.frag">
      <Filter>Arquivos de Recurso\Shaders</Filter>
    </None>
    <None Include="Shaderfiles\text.frag">
      <Filter>Arquivos de Recurso\Shaders</Filter>
    </None>
    <None Include="Shaderfiles\text.vert">
      <Filter>Arquivos de Recurso\Shaders</Filter>
    </None>
    <None Include="Shaderfiles\time.frag">
      <Filter>Arquivos de Recurso\Shaders</Filter>
    </None>
    <None Include="Shaderfiles\transform.vert">
      <Filter>Arquivos de Recurso\Shaders</Filter>
    </None>
    <None Include="Shaderfiles\light.vert">
      <Filter>Arquivos de Recurso\Shaders</Filter>
    </None>
    <None Include="Shaderfiles\gouraud.vert">
      <Filter>Arquivos de Recurso\Shaders</Filter>
    </None>
    <None Include="Shaderfiles\blur.frag">
      <Filter>Arquivos de Recurso\Shaders</Filter>
    </None>
  </ItemGroup>
  <ItemGroup>
    <Text Include="Shaderfiles\light.frag">
      <Filter>Arquivos de Recurso\Shaders</Filter>
    </Text>
    <Text Include="Shaderfiles\sobel.frag">
      <Filter>Arquivos de Recurso\Shaders</Filter>
    </Text>
  </ItemGroup>
</Project>